Microsoft Visual Studio Solution File, Format Version 12.00
# Visual Studio Version 17
VisualStudioVersion = 17.5.2.0
MinimumVisualStudioVersion = 10.0.40219.1
Project("{FAE04EC0-301F-11D3-BF4B-00C04F79EFBC}") = "MondayClaudeAI", "MondayClaudeAI.csproj", "{590F551B-BDF7-F985-ED5A-99F05BA628BA}"
EndProject
Global
	GlobalSection(SolutionConfigurationPlatforms) = preSolution
		Debug|Any CPU = Debug|Any CPU
		Release|Any CPU = Release|Any CPU
	EndGlobalSection
	GlobalSection(ProjectConfigurationPlatforms) = postSolution
		{590F551B-BDF7-F985-ED5A-99F05BA628BA}.Debug|Any CPU.ActiveCfg = Debug|Any CPU
		{590F551B-BDF7-F985-ED5A-99F05BA628BA}.Debug|Any CPU.Build.0 = Debug|Any CPU
		{590F551B-BDF7-F985-ED5A-99F05BA628BA}.Release|Any CPU.ActiveCfg = Release|Any CPU
		{590F551B-BDF7-F985-ED5A-99F05BA628BA}.Release|Any CPU.Build.0 = Release|Any CPU
	EndGlobalSection
	GlobalSection(SolutionProperties) = preSolution
		HideSolutionNode = FALSE
	EndGlobalSection
	GlobalSection(ExtensibilityGlobals) = postSolution
		SolutionGuid = {9D2CABF3-49DC-444D-AA8E-336D7E0C29D8}
	EndGlobalSection
EndGlobal
